
Microsoft Visual Studio Solution File, Format Version 12.00
# Visual Studio Version 17
VisualStudioVersion = 17.8.34408.163
MinimumVisualStudioVersion = 10.0.40219.1
Project("{FAE04EC0-301F-11D3-BF4B-00C04F79EFBC}") = "modulo de divisão", "modulo de divisão.csproj", "{6C779952-942F-460D-A38E-5823F82CBEA3}"
EndProject
Global
	GlobalSection(SolutionConfigurationPlatforms) = preSolution
		Debug|Any CPU = Debug|Any CPU
		Release|Any CPU = Release|Any CPU
	EndGlobalSection
	GlobalSection(ProjectConfigurationPlatforms) = postSolution
		{6C779952-942F-460D-A38E-5823F82CBEA3}.Debug|Any CPU.ActiveCfg = Debug|Any CPU
		{6C779952-942F-460D-A38E-5823F82CBEA3}.Debug|Any CPU.Build.0 = Debug|Any CPU
		{6C779952-942F-460D-A38E-5823F82CBEA3}.Release|Any CPU.ActiveCfg = Release|Any CPU
		{6C779952-942F-460D-A38E-5823F82CBEA3}.Release|Any CPU.Build.0 = Release|Any CPU
	EndGlobalSection
	GlobalSection(SolutionProperties) = preSolution
		HideSolutionNode = FALSE
	EndGlobalSection
	GlobalSection(ExtensibilityGlobals) = postSolution
		SolutionGuid = {57E7F2ED-CEAB-4E3F-ADE8-21685916A844}
	EndGlobalSection
EndGlobal
